
Microsoft Visual Studio Solution File, Format Version 12.00
# Visual Studio Version 17
VisualStudioVersion = 17.13.35931.197
MinimumVisualStudioVersion = 10.0.40219.1
Project("{FAE04EC0-301F-11D3-BF4B-00C04F79EFBC}") = "TriagemMensagem", "TriagemMensagem\TriagemMensagem.csproj", "{A05C44A9-2CFA-4902-950D-DE6FC3001178}"
EndProject
Project("{FAE04EC0-301F-11D3-BF4B-00C04F79EFBC}") = "TriagemMensagem.Domain", "TriagemMensagem.Domain\TriagemMensagem.Domain.csproj", "{B264C262-B9CB-4DC3-8901-55DEA6430A04}"
EndProject
Project("{FAE04EC0-301F-11D3-BF4B-00C04F79EFBC}") = "TriagemMensagem.Repository", "TriagemMensagem.Repository\TriagemMensagem.Repository.csproj", "{867CFC8A-70B9-49F1-A7DB-3B27F2564928}"
EndProject
Project("{FAE04EC0-301F-11D3-BF4B-00C04F79EFBC}") = "TriagemMensagem.Service", "TriagemMensagem.Service\TriagemMensagem.Service.csproj", "{CDE519C6-A2F6-4EA5-974D-EB6B57084672}"
EndProject
Global
	GlobalSection(SolutionConfigurationPlatforms) = preSolution
		Debug|Any CPU = Debug|Any CPU
		Release|Any CPU = Release|Any CPU
	EndGlobalSection
	GlobalSection(ProjectConfigurationPlatforms) = postSolution
		{A05C44A9-2CFA-4902-950D-DE6FC3001178}.Debug|Any CPU.ActiveCfg = Debug|Any CPU
		{A05C44A9-2CFA-4902-950D-DE6FC3001178}.Debug|Any CPU.Build.0 = Debug|Any CPU
		{A05C44A9-2CFA-4902-950D-DE6FC3001178}.Release|Any CPU.ActiveCfg = Release|Any CPU
		{A05C44A9-2CFA-4902-950D-DE6FC3001178}.Release|Any CPU.Build.0 = Release|Any CPU
		{B264C262-B9CB-4DC3-8901-55DEA6430A04}.Debug|Any CPU.ActiveCfg = Debug|Any CPU
		{B264C262-B9CB-4DC3-8901-55DEA6430A04}.Debug|Any CPU.Build.0 = Debug|Any CPU
		{B264C262-B9CB-4DC3-8901-55DEA6430A04}.Release|Any CPU.ActiveCfg = Release|Any CPU
		{B264C262-B9CB-4DC3-8901-55DEA6430A04}.Release|Any CPU.Build.0 = Release|Any CPU
		{867CFC8A-70B9-49F1-A7DB-3B27F2564928}.Debug|Any CPU.ActiveCfg = Debug|Any CPU
		{867CFC8A-70B9-49F1-A7DB-3B27F2564928}.Debug|Any CPU.Build.0 = Debug|Any CPU
		{867CFC8A-70B9-49F1-A7DB-3B27F2564928}.Release|Any CPU.ActiveCfg = Release|Any CPU
		{867CFC8A-70B9-49F1-A7DB-3B27F2564928}.Release|Any CPU.Build.0 = Release|Any CPU
		{CDE519C6-A2F6-4EA5-974D-EB6B57084672}.Debug|Any CPU.ActiveCfg = Debug|Any CPU
		{CDE519C6-A2F6-4EA5-974D-EB6B57084672}.Debug|Any CPU.Build.0 = Debug|Any CPU
		{CDE519C6-A2F6-4EA5-974D-EB6B57084672}.Release|Any CPU.ActiveCfg = Release|Any CPU
		{CDE519C6-A2F6-4EA5-974D-EB6B57084672}.Release|Any CPU.Build.0 = Release|Any CPU
	EndGlobalSection
	GlobalSection(SolutionProperties) = preSolution
		HideSolutionNode = FALSE
	EndGlobalSection
	GlobalSection(ExtensibilityGlobals) = postSolution
		SolutionGuid = {FCA34208-B1DE-4AFA-8AB2-A36701F7B788}
	EndGlobalSection
EndGlobal
